// !$*UTF8*$!
{
	archiveVersion = 1;
	classes = {
	};
	objectVersion = 46;
	objects = {

/* Begin PBXBuildFile section */
		BE9219B41A53BEFB00B545A0 /* AppDelegate.swift in Sources */ = {isa = PBXBuildFile; fileRef = BE9219B31A53BEFB00B545A0 /* AppDelegate.swift */; };
		BE9219B91A53BEFB00B545A0 /* ViewController.swift in Sources */ = {isa = PBXBuildFile; fileRef = BE9219B81A53BEFB00B545A0 /* ViewController.swift */; };
		BE9219BC1A53BEFB00B545A0 /* Main.storyboard in Resources */ = {isa = PBXBuildFile; fileRef = BE9219BA1A53BEFB00B545A0 /* Main.storyboard */; };
		BE9219BE1A53BEFB00B545A0 /* Images.xcassets in Resources */ = {isa = PBXBuildFile; fileRef = BE9219BD1A53BEFB00B545A0 /* Images.xcassets */; };
		BE9219C11A53BEFB00B545A0 /* LaunchScreen.xib in Resources */ = {isa = PBXBuildFile; fileRef = BE9219BF1A53BEFB00B545A0 /* LaunchScreen.xib */; };
		BE9219CD1A53BEFC00B545A0 /* PHImageManagerTwitterDemoTests.swift in Sources */ = {isa = PBXBuildFile; fileRef = BE9219CC1A53BEFC00B545A0 /* PHImageManagerTwitterDemoTests.swift */; };
		BE9219D81A53C34B00B545A0 /* ImageItemRenderer.swift in Sources */ = {isa = PBXBuildFile; fileRef = BE9219D71A53C34B00B545A0 /* ImageItemRenderer.swift */; };
		BE921A111A567CF500B545A0 /* TweetablePhotosBrowser.swift in Sources */ = {isa = PBXBuildFile; fileRef = BE921A101A567CF500B545A0 /* TweetablePhotosBrowser.swift */; };
		BE921A151A56825000B545A0 /* PHImageManagerTwitterDemo.xcdatamodeld in Sources */ = {isa = PBXBuildFile; fileRef = BE921A131A56825000B545A0 /* PHImageManagerTwitterDemo.xcdatamodeld */; };
		BE921A171A5682BC00B545A0 /* TweetedPhotos.swift in Sources */ = {isa = PBXBuildFile; fileRef = BE921A161A5682BC00B545A0 /* TweetedPhotos.swift */; };
		BE921A191A5683ED00B545A0 /* CoreDataDelegate.swift in Sources */ = {isa = PBXBuildFile; fileRef = BE921A181A5683ED00B545A0 /* CoreDataDelegate.swift */; };
		BE921A1B1A56881F00B545A0 /* TweetedPhotosBrowser.swift in Sources */ = {isa = PBXBuildFile; fileRef = BE921A1A1A56881F00B545A0 /* TweetedPhotosBrowser.swift */; };
/* End PBXBuildFile section */

/* Begin PBXContainerItemProxy section */
		BE9219C71A53BEFC00B545A0 /* PBXContainerItemProxy */ = {
			isa = PBXContainerItemProxy;
			containerPortal = BE9219A61A53BEFB00B545A0 /* Project object */;
			proxyType = 1;
			remoteGlobalIDString = BE9219AD1A53BEFB00B545A0;
			remoteInfo = PHImageManagerTwitterDemo;
		};
/* End PBXContainerItemProxy section */

/* Begin PBXFileReference section */
		BE9219AE1A53BEFB00B545A0 /* PHImageManagerTwitterDemo.app */ = {isa = PBXFileReference; explicitFileType = wrapper.application; includeInIndex = 0; path = PHImageManagerTwitterDemo.app; sourceTree = BUILT_PRODUCTS_DIR; };
		BE9219B21A53BEFB00B545A0 /* Info.plist */ = {isa = PBXFileReference; lastKnownFileType = text.plist.xml; path = Info.plist; sourceTree = "<group>"; };
		BE9219B31A53BEFB00B545A0 /* AppDelegate.swift */ = {isa = PBXFileReference; lastKnownFileType = sourcecode.swift; path = AppDelegate.swift; sourceTree = "<group>"; };
		BE9219B81A53BEFB00B545A0 /* ViewController.swift */ = {isa = PBXFileReference; lastKnownFileType = sourcecode.swift; path = ViewController.swift; sourceTree = "<group>"; };
		BE9219BB1A53BEFB00B545A0 /* Base */ = {isa = PBXFileReference; lastKnownFileType = file.storyboard; name = Base; path = Base.lproj/Main.storyboard; sourceTree = "<group>"; };
		BE9219BD1A53BEFB00B545A0 /* Images.xcassets */ = {isa = PBXFileReference; lastKnownFileType = folder.assetcatalog; path = Images.xcassets; sourceTree = "<group>"; };
		BE9219C01A53BEFB00B545A0 /* Base */ = {isa = PBXFileReference; lastKnownFileType = file.xib; name = Base; path = Base.lproj/LaunchScreen.xib; sourceTree = "<group>"; };
		BE9219C61A53BEFC00B545A0 /* PHImageManagerTwitterDemoTests.xctest */ = {isa = PBXFileReference; explicitFileType = wrapper.cfbundle; includeInIndex = 0; path = PHImageManagerTwitterDemoTests.xctest; sourceTree = BUILT_PRODUCTS_DIR; };
		BE9219CB1A53BEFC00B545A0 /* Info.plist */ = {isa = PBXFileReference; lastKnownFileType = text.plist.xml; path = Info.plist; sourceTree = "<group>"; };
		BE9219CC1A53BEFC00B545A0 /* PHImageManagerTwitterDemoTests.swift */ = {isa = PBXFileReference; lastKnownFileType = sourcecode.swift; path = PHImageManagerTwitterDemoTests.swift; sourceTree = "<group>"; };
		BE9219D71A53C34B00B545A0 /* ImageItemRenderer.swift */ = {isa = PBXFileReference; fileEncoding = 4; lastKnownFileType = sourcecode.swift; path = ImageItemRenderer.swift; sourceTree = "<group>"; };
		BE921A101A567CF500B545A0 /* TweetablePhotosBrowser.swift */ = {isa = PBXFileReference; fileEncoding = 4; lastKnownFileType = sourcecode.swift; path = TweetablePhotosBrowser.swift; sourceTree = "<group>"; };
		BE921A141A56825000B545A0 /* PHImageManagerTwitterDemo.xcdatamodel */ = {isa = PBXFileReference; lastKnownFileType = wrapper.xcdatamodel; path = PHImageManagerTwitterDemo.xcdatamodel; sourceTree = "<group>"; };
		BE921A161A5682BC00B545A0 /* TweetedPhotos.swift */ = {isa = PBXFileReference; fileEncoding = 4; lastKnownFileType = sourcecode.swift; name = TweetedPhotos.swift; path = ../TweetedPhotos.swift; sourceTree = "<group>"; };
		BE921A181A5683ED00B545A0 /* CoreDataDelegate.swift */ = {isa = PBXFileReference; fileEncoding = 4; lastKnownFileType = sourcecode.swift; path = CoreDataDelegate.swift; sourceTree = "<group>"; };
		BE921A1A1A56881F00B545A0 /* TweetedPhotosBrowser.swift */ = {isa = PBXFileReference; fileEncoding = 4; lastKnownFileType = sourcecode.swift; path = TweetedPhotosBrowser.swift; sourceTree = "<group>"; };
/* End PBXFileReference section */

/* Begin PBXFrameworksBuildPhase section */
		BE9219AB1A53BEFB00B545A0 /* Frameworks */ = {
			isa = PBXFrameworksBuildPhase;
			buildActionMask = 2147483647;
			files = (
			);
			runOnlyForDeploymentPostprocessing = 0;
		};
		BE9219C31A53BEFC00B545A0 /* Frameworks */ = {
			isa = PBXFrameworksBuildPhase;
			buildActionMask = 2147483647;
			files = (
			);
			runOnlyForDeploymentPostprocessing = 0;
		};
/* End PBXFrameworksBuildPhase section */

/* Begin PBXGroup section */
		BE9219A51A53BEFB00B545A0 = {
			isa = PBXGroup;
			children = (
				BE9219B01A53BEFB00B545A0 /* PHImageManagerTwitterDemo */,
				BE9219C91A53BEFC00B545A0 /* PHImageManagerTwitterDemoTests */,
				BE9219AF1A53BEFB00B545A0 /* Products */,
			);
			sourceTree = "<group>";
		};
		BE9219AF1A53BEFB00B545A0 /* Products */ = {
			isa = PBXGroup;
			children = (
				BE9219AE1A53BEFB00B545A0 /* PHImageManagerTwitterDemo.app */,
				BE9219C61A53BEFC00B545A0 /* PHImageManagerTwitterDemoTests.xctest */,
			);
			name = Products;
			sourceTree = "<group>";
		};
		BE9219B01A53BEFB00B545A0 /* PHImageManagerTwitterDemo */ = {
			isa = PBXGroup;
			children = (
				BE921A121A56821800B545A0 /* coreData */,
				BE921A0F1A567CBF00B545A0 /* widgets */,
				BE9219D61A53C31B00B545A0 /* renderers */,
				BE9219B31A53BEFB00B545A0 /* AppDelegate.swift */,
				BE9219B81A53BEFB00B545A0 /* ViewController.swift */,
				BE9219BA1A53BEFB00B545A0 /* Main.storyboard */,
				BE9219BD1A53BEFB00B545A0 /* Images.xcassets */,
				BE9219BF1A53BEFB00B545A0 /* LaunchScreen.xib */,
				BE9219B11A53BEFB00B545A0 /* Supporting Files */,
			);
			path = PHImageManagerTwitterDemo;
			sourceTree = "<group>";
		};
		BE9219B11A53BEFB00B545A0 /* Supporting Files */ = {
			isa = PBXGroup;
			children = (
				BE9219B21A53BEFB00B545A0 /* Info.plist */,
			);
			name = "Supporting Files";
			sourceTree = "<group>";
		};
		BE9219C91A53BEFC00B545A0 /* PHImageManagerTwitterDemoTests */ = {
			isa = PBXGroup;
			children = (
				BE9219CC1A53BEFC00B545A0 /* PHImageManagerTwitterDemoTests.swift */,
				BE9219CA1A53BEFC00B545A0 /* Supporting Files */,
			);
			path = PHImageManagerTwitterDemoTests;
			sourceTree = "<group>";
		};
		BE9219CA1A53BEFC00B545A0 /* Supporting Files */ = {
			isa = PBXGroup;
			children = (
				BE9219CB1A53BEFC00B545A0 /* Info.plist */,
			);
			name = "Supporting Files";
			sourceTree = "<group>";
		};
		BE9219D61A53C31B00B545A0 /* renderers */ = {
			isa = PBXGroup;
			children = (
				BE9219D71A53C34B00B545A0 /* ImageItemRenderer.swift */,
			);
			name = renderers;
			sourceTree = "<group>";
		};
		BE921A0F1A567CBF00B545A0 /* widgets */ = {
			isa = PBXGroup;
			children = (
				BE921A101A567CF500B545A0 /* TweetablePhotosBrowser.swift */,
				BE921A1A1A56881F00B545A0 /* TweetedPhotosBrowser.swift */,
			);
			name = widgets;
			sourceTree = "<group>";
		};
		BE921A121A56821800B545A0 /* coreData */ = {
			isa = PBXGroup;
			children = (
				BE921A161A5682BC00B545A0 /* TweetedPhotos.swift */,
				BE921A131A56825000B545A0 /* PHImageManagerTwitterDemo.xcdatamodeld */,
				BE921A181A5683ED00B545A0 /* CoreDataDelegate.swift */,
			);
			name = coreData;
			sourceTree = "<group>";
		};
/* End PBXGroup section */

/* Begin PBXNativeTarget section */
		BE9219AD1A53BEFB00B545A0 /* PHImageManagerTwitterDemo */ = {
			isa = PBXNativeTarget;
			buildConfigurationList = BE9219D01A53BEFC00B545A0 /* Build configuration list for PBXNativeTarget "PHImageManagerTwitterDemo" */;
			buildPhases = (
				BE9219AA1A53BEFB00B545A0 /* Sources */,
				BE9219AB1A53BEFB00B545A0 /* Frameworks */,
				BE9219AC1A53BEFB00B545A0 /* Resources */,
			);
			buildRules = (
			);
			dependencies = (
			);
			name = PHImageManagerTwitterDemo;
			productName = PHImageManagerTwitterDemo;
			productReference = BE9219AE1A53BEFB00B545A0 /* PHImageManagerTwitterDemo.app */;
			productType = "com.apple.product-type.application";
		};
		BE9219C51A53BEFC00B545A0 /* PHImageManagerTwitterDemoTests */ = {
			isa = PBXNativeTarget;
			buildConfigurationList = BE9219D31A53BEFC00B545A0 /* Build configuration list for PBXNativeTarget "PHImageManagerTwitterDemoTests" */;
			buildPhases = (
				BE9219C21A53BEFC00B545A0 /* Sources */,
				BE9219C31A53BEFC00B545A0 /* Frameworks */,
				BE9219C41A53BEFC00B545A0 /* Resources */,
			);
			buildRules = (
			);
			dependencies = (
				BE9219C81A53BEFC00B545A0 /* PBXTargetDependency */,
			);
			name = PHImageManagerTwitterDemoTests;
			productName = PHImageManagerTwitterDemoTests;
			productReference = BE9219C61A53BEFC00B545A0 /* PHImageManagerTwitterDemoTests.xctest */;
			productType = "com.apple.product-type.bundle.unit-test";
		};
/* End PBXNativeTarget section */

/* Begin PBXProject section */
		BE9219A61A53BEFB00B545A0 /* Project object */ = {
			isa = PBXProject;
			attributes = {
				LastUpgradeCheck = 0610;
				ORGANIZATIONNAME = "Simon Gladman";
				TargetAttributes = {
					BE9219AD1A53BEFB00B545A0 = {
						CreatedOnToolsVersion = 6.1.1;
					};
					BE9219C51A53BEFC00B545A0 = {
						CreatedOnToolsVersion = 6.1.1;
						TestTargetID = BE9219AD1A53BEFB00B545A0;
					};
				};
			};
			buildConfigurationList = BE9219A91A53BEFB00B545A0 /* Build configuration list for PBXProject "PHImageManagerTwitterDemo" */;
			compatibilityVersion = "Xcode 3.2";
			developmentRegion = English;
			hasScannedForEncodings = 0;
			knownRegions = (
				en,
				Base,
			);
			mainGroup = BE9219A51A53BEFB00B545A0;
			productRefGroup = BE9219AF1A53BEFB00B545A0 /* Products */;
			projectDirPath = "";
			projectRoot = "";
			targets = (
				BE9219AD1A53BEFB00B545A0 /* PHImageManagerTwitterDemo */,
				BE9219C51A53BEFC00B545A0 /* PHImageManagerTwitterDemoTests */,
			);
		};
/* End PBXProject section */

/* Begin PBXResourcesBuildPhase section */
		BE9219AC1A53BEFB00B545A0 /* Resources */ = {
			isa = PBXResourcesBuildPhase;
			buildActionMask = 2147483647;
			files = (
				BE9219BC1A53BEFB00B545A0 /* Main.storyboard in Resources */,
				BE9219C11A53BEFB00B545A0 /* LaunchScreen.xib in Resources */,
				BE9219BE1A53BEFB00B545A0 /* Images.xcassets in Resources */,
			);
			runOnlyForDeploymentPostprocessing = 0;
		};
		BE9219C41A53BEFC00B545A0 /* Resources */ = {
			isa = PBXResourcesBuildPhase;
			buildActionMask = 2147483647;
			files = (
			);
			runOnlyForDeploymentPostprocessing = 0;
		};
/* End PBXResourcesBuildPhase section */

/* Begin PBXSourcesBuildPhase section */
		BE9219AA1A53BEFB00B545A0 /* Sources */ = {
			isa = PBXSourcesBuildPhase;
			buildActionMask = 2147483647;
			files = (
				BE921A1B1A56881F00B545A0 /* TweetedPhotosBrowser.swift in Sources */,
				BE9219B91A53BEFB00B545A0 /* ViewController.swift in Sources */,
				BE921A111A567CF500B545A0 /* TweetablePhotosBrowser.swift in Sources */,
				BE921A151A56825000B545A0 /* PHImageManagerTwitterDemo.xcdatamodeld in Sources */,
				BE9219B41A53BEFB00B545A0 /* AppDelegate.swift in Sources */,
				BE9219D81A53C34B00B545A0 /* ImageItemRenderer.swift in Sources */,
				BE921A191A5683ED00B545A0 /* CoreDataDelegate.swift in Sources */,
				BE921A171A5682BC00B545A0 /* TweetedPhotos.swift in Sources */,
			);
			runOnlyForDeploymentPostprocessing = 0;
		};
		BE9219C21A53BEFC00B545A0 /* Sources */ = {
			isa = PBXSourcesBuildPhase;
			buildActionMask = 2147483647;
			files = (
				BE9219CD1A53BEFC00B545A0 /* PHImageManagerTwitterDemoTests.swift in Sources */,
			);
			runOnlyForDeploymentPostprocessing = 0;
		};
/* End PBXSourcesBuildPhase section */

/* Begin PBXTargetDependency section */
		BE9219C81A53BEFC00B545A0 /* PBXTargetDependency */ = {
			isa = PBXTargetDependency;
			target = BE9219AD1A53BEFB00B545A0 /* PHImageManagerTwitterDemo */;
			targetProxy = BE9219C71A53BEFC00B545A0 /* PBXContainerItemProxy */;
		};
/* End PBXTargetDependency section */

/* Begin PBXVariantGroup section */
		BE9219BA1A53BEFB00B545A0 /* Main.storyboard */ = {
			isa = PBXVariantGroup;
			children = (
				BE9219BB1A53BEFB00B545A0 /* Base */,
			);
			name = Main.storyboard;
			sourceTree = "<group>";
		};
		BE9219BF1A53BEFB00B545A0 /* LaunchScreen.xib */ = {
			isa = PBXVariantGroup;
			children = (
				BE9219C01A53BEFB00B545A0 /* Base */,
			);
			name = LaunchScreen.xib;
			sourceTree = "<group>";
		};
/* End PBXVariantGroup section */

/* Begin XCBuildConfiguration section */
		BE9219CE1A53BEFC00B545A0 /* Debug */ = {
			isa = XCBuildConfiguration;
			buildSettings = {
				ALWAYS_SEARCH_USER_PATHS = NO;
				CLANG_CXX_LANGUAGE_STANDARD = "gnu++0x";
				CLANG_CXX_LIBRARY = "libc++";
				CLANG_ENABLE_MODULES = YES;
				CLANG_ENABLE_OBJC_ARC = YES;
				CLANG_WARN_BOOL_CONVERSION = YES;
				CLANG_WARN_CONSTANT_CONVERSION = YES;
				CLANG_WARN_DIRECT_OBJC_ISA_USAGE = YES_ERROR;
				CLANG_WARN_EMPTY_BODY = YES;
				CLANG_WARN_ENUM_CONVERSION = YES;
				CLANG_WARN_INT_CONVERSION = YES;
				CLANG_WARN_OBJC_ROOT_CLASS = YES_ERROR;
				CLANG_WARN_UNREACHABLE_CODE = YES;
				CLANG_WARN__DUPLICATE_METHOD_MATCH = YES;
				"CODE_SIGN_IDENTITY[sdk=iphoneos*]" = "iPhone Developer";
				COPY_PHASE_STRIP = NO;
				ENABLE_STRICT_OBJC_MSGSEND = YES;
				GCC_C_LANGUAGE_STANDARD = gnu99;
				GCC_DYNAMIC_NO_PIC = NO;
				GCC_OPTIMIZATION_LEVEL = 0;
				GCC_PREPROCESSOR_DEFINITIONS = (
					"DEBUG=1",
					"$(inherited)",
				);
				GCC_SYMBOLS_PRIVATE_EXTERN = NO;
				GCC_WARN_64_TO_32_BIT_CONVERSION = YES;
				GCC_WARN_ABOUT_RETURN_TYPE = YES_ERROR;
				GCC_WARN_UNDECLARED_SELECTOR = YES;
				GCC_WARN_UNINITIALIZED_AUTOS = YES_AGGRESSIVE;
				GCC_WARN_UNUSED_FUNCTION = YES;
				GCC_WARN_UNUSED_VARIABLE = YES;
				IPHONEOS_DEPLOYMENT_TARGET = 8.1;
				MTL_ENABLE_DEBUG_INFO = YES;
				ONLY_ACTIVE_ARCH = YES;
				SDKROOT = iphoneos;
				SWIFT_OPTIMIZATION_LEVEL = "-Onone";
				TARGETED_DEVICE_FAMILY = 2;
			};
			name = Debug;
		};
		BE9219CF1A53BEFC00B545A0 /* Release */ = {
			isa = XCBuildConfiguration;
			buildSettings = {
				ALWAYS_SEARCH_USER_PATHS = NO;
				CLANG_CXX_LANGUAGE_STANDARD = "gnu++0x";
				CLANG_CXX_LIBRARY = "libc++";
				CLANG_ENABLE_MODULES = YES;
				CLANG_ENABLE_OBJC_ARC = YES;
				CLANG_WARN_BOOL_CONVERSION = YES;
				CLANG_WARN_CONSTANT_CONVERSION = YES;
				CLANG_WARN_DIRECT_OBJC_ISA_USAGE = YES_ERROR;
				CLANG_WARN_EMPTY_BODY = YES;
				CLANG_WARN_ENUM_CONVERSION = YES;
				CLANG_WARN_INT_CONVERSION = YES;
				CLANG_WARN_OBJC_ROOT_CLASS = YES_ERROR;
				CLANG_WARN_UNREACHABLE_CODE = YES;
				CLANG_WARN__DUPLICATE_METHOD_MATCH = YES;
				"CODE_SIGN_IDENTITY[sdk=iphoneos*]" = "iPhone Developer";
				COPY_PHASE_STRIP = YES;
				ENABLE_NS_ASSERTIONS = NO;
				ENABLE_STRICT_OBJC_MSGSEND = YES;
				GCC_C_LANGUAGE_STANDARD = gnu99;
				GCC_WARN_64_TO_32_BIT_CONVERSION = YES;
				GCC_WARN_ABOUT_RETURN_TYPE = YES_ERROR;
				GCC_WARN_UNDECLARED_SELECTOR = YES;
				GCC_WARN_UNINITIALIZED_AUTOS = YES_AGGRESSIVE;
				GCC_WARN_UNUSED_FUNCTION = YES;
				GCC_WARN_UNUSED_VARIABLE = YES;
				IPHONEOS_DEPLOYMENT_TARGET = 8.1;
				MTL_ENABLE_DEBUG_INFO = NO;
				SDKROOT = iphoneos;
				TARGETED_DEVICE_FAMILY = 2;
				VALIDATE_PRODUCT = YES;
			};
			name = Release;
		};
		BE9219D11A53BEFC00B545A0 /* Debug */ = {
			isa = XCBuildConfiguration;
			buildSettings = {
				ASSETCATALOG_COMPILER_APPICON_NAME = AppIcon;
				INFOPLIST_FILE = PHImageManagerTwitterDemo/Info.plist;
				LD_RUNPATH_SEARCH_PATHS = "$(inherited) @executable_path/Frameworks";
				PRODUCT_NAME = "$(TARGET_NAME)";
			};
			name = Debug;
		};
		BE9219D21A53BEFC00B545A0 /* Release */ = {
			isa = XCBuildConfiguration;
			buildSettings = {
				ASSETCATALOG_COMPILER_APPICON_NAME = AppIcon;
				INFOPLIST_FILE = PHImageManagerTwitterDemo/Info.plist;
				LD_RUNPATH_SEARCH_PATHS = "$(inherited) @executable_path/Frameworks";
				PRODUCT_NAME = "$(TARGET_NAME)";
			};
			name = Release;
		};
		BE9219D41A53BEFC00B545A0 /* Debug */ = {
			isa = XCBuildConfiguration;
			buildSettings = {
				BUNDLE_LOADER = "$(TEST_HOST)";
				FRAMEWORK_SEARCH_PATHS = (
					"$(SDKROOT)/Developer/Library/Frameworks",
					"$(inherited)",
				);
				GCC_PREPROCESSOR_DEFINITIONS = (
					"DEBUG=1",
					"$(inherited)",
				);
				INFOPLIST_FILE = PHImageManagerTwitterDemoTests/Info.plist;
				LD_RUNPATH_SEARCH_PATHS = "$(inherited) @executable_path/Frameworks @loader_path/Frameworks";
				PRODUCT_NAME = "$(TARGET_NAME)";
				TEST_HOST = "$(BUILT_PRODUCTS_DIR)/PHImageManagerTwitterDemo.app/PHImageManagerTwitterDemo";
			};
			name = Debug;
		};
		BE9219D51A53BEFC00B545A0 /* Release */ = {
			isa = XCBuildConfiguration;
			buildSettings = {
				BUNDLE_LOADER = "$(TEST_HOST)";
				FRAMEWORK_SEARCH_PATHS = (
					"$(SDKROOT)/Developer/Library/Frameworks",
					"$(inherited)",
				);
				INFOPLIST_FILE = PHImageManagerTwitterDemoTests/Info.plist;
				LD_RUNPATH_SEARCH_PATHS = "$(inherited) @executable_path/Frameworks @loader_path/Frameworks";
				PRODUCT_NAME = "$(TARGET_NAME)";
				TEST_HOST = "$(BUILT_PRODUCTS_DIR)/PHImageManagerTwitterDemo.app/PHImageManagerTwitterDemo";
			};
			name = Release;
		};
/* End XCBuildConfiguration section */

/* Begin XCConfigurationList section */
		BE9219A91A53BEFB00B545A0 /* Build configuration list for PBXProject "PHImageManagerTwitterDemo" */ = {
			isa = XCConfigurationList;
			buildConfigurations = (
				BE9219CE1A53BEFC00B545A0 /* Debug */,
				BE9219CF1A53BEFC00B545A0 /* Release */,
			);
			defaultConfigurationIsVisible = 0;
			defaultConfigurationName = Release;
		};
		BE9219D01A53BEFC00B545A0 /* Build configuration list for PBXNativeTarget "PHImageManagerTwitterDemo" */ = {
			isa = XCConfigurationList;
			buildConfigurations = (
				BE9219D11A53BEFC00B545A0 /* Debug */,
				BE9219D21A53BEFC00B545A0 /* Release */,
			);
			defaultConfigurationIsVisible = 0;
		};
		BE9219D31A53BEFC00B545A0 /* Build configuration list for PBXNativeTarget "PHImageManagerTwitterDemoTests" */ = {
			isa = XCConfigurationList;
			buildConfigurations = (
				BE9219D41A53BEFC00B545A0 /* Debug */,
				BE9219D51A53BEFC00B545A0 /* Release */,
			);
			defaultConfigurationIsVisible = 0;
		};
/* End XCConfigurationList section */

/* Begin XCVersionGroup section */
		BE921A131A56825000B545A0 /* PHImageManagerTwitterDemo.xcdatamodeld */ = {
			isa = XCVersionGroup;
			children = (
				BE921A141A56825000B545A0 /* PHImageManagerTwitterDemo.xcdatamodel */,
			);
			currentVersion = BE921A141A56825000B545A0 /* PHImageManagerTwitterDemo.xcdatamodel */;
			path = PHImageManagerTwitterDemo.xcdatamodeld;
			sourceTree = "<group>";
			versionGroupType = wrapper.xcdatamodel;
		};
/* End XCVersionGroup section */
	};
	rootObject = BE9219A61A53BEFB00B545A0 /* Project object */;
}
